
Microsoft Visual Studio Solution File, Format Version 12.00
# Visual Studio 15
Project("{FAE04EC0-301F-11D3-BF4B-00C04F79EFBC}") = "Jimmy Gagnon-Vézina _ TP1 _ Prog 2D", "Jimmy Gagnon-Vézina _ TP1 _ Prog 2D.csproj", "{1FBAFD98-8CBE-EF1F-D01E-5DFD7C0FBA63}"
EndProject
Global
	GlobalSection(SolutionConfigurationPlatforms) = preSolution
		Debug|Any CPU = Debug|Any CPU
		Release|Any CPU = Release|Any CPU
	EndGlobalSection
	GlobalSection(ProjectConfigurationPlatforms) = postSolution
		{1FBAFD98-8CBE-EF1F-D01E-5DFD7C0FBA63}.Debug|Any CPU.ActiveCfg = Debug|Any CPU
		{1FBAFD98-8CBE-EF1F-D01E-5DFD7C0FBA63}.Debug|Any CPU.Build.0 = Debug|Any CPU
		{1FBAFD98-8CBE-EF1F-D01E-5DFD7C0FBA63}.Release|Any CPU.ActiveCfg = Release|Any CPU
		{1FBAFD98-8CBE-EF1F-D01E-5DFD7C0FBA63}.Release|Any CPU.Build.0 = Release|Any CPU
	EndGlobalSection
	GlobalSection(SolutionProperties) = preSolution
		HideSolutionNode = FALSE
	EndGlobalSection
EndGlobal
