
Microsoft Visual Studio Solution File, Format Version 12.00
# Visual Studio 15
Project("{FAE04EC0-301F-11D3-BF4B-00C04F79EFBC}") = "TP1-Prog-2D", "TP1-Prog-2D.csproj", "{B427874D-D9D8-BA2A-4AA4-38A9CD73B47C}"
EndProject
Global
	GlobalSection(SolutionConfigurationPlatforms) = preSolution
		Debug|Any CPU = Debug|Any CPU
		Release|Any CPU = Release|Any CPU
	EndGlobalSection
	GlobalSection(ProjectConfigurationPlatforms) = postSolution
		{B427874D-D9D8-BA2A-4AA4-38A9CD73B47C}.Debug|Any CPU.ActiveCfg = Debug|Any CPU
		{B427874D-D9D8-BA2A-4AA4-38A9CD73B47C}.Debug|Any CPU.Build.0 = Debug|Any CPU
		{B427874D-D9D8-BA2A-4AA4-38A9CD73B47C}.Release|Any CPU.ActiveCfg = Release|Any CPU
		{B427874D-D9D8-BA2A-4AA4-38A9CD73B47C}.Release|Any CPU.Build.0 = Release|Any CPU
	EndGlobalSection
	GlobalSection(SolutionProperties) = preSolution
		HideSolutionNode = FALSE
	EndGlobalSection
EndGlobal
